
Microsoft Visual Studio Solution File, Format Version 12.00
# Visual Studio Version 16
VisualStudioVersion = 16.0.33027.164
MinimumVisualStudioVersion = 10.0.40219.1
Project("{FAE04EC0-301F-11D3-BF4B-00C04F79EFBC}") = "DymShopProject", "DymShopProject\DymShopProject.csproj", "{15F91502-0190-4FDD-BC32-B004963B44EF}"
EndProject
Global
	GlobalSection(SolutionConfigurationPlatforms) = preSolution
		Debug|Any CPU = Debug|Any CPU
		Release|Any CPU = Release|Any CPU
	EndGlobalSection
	GlobalSection(ProjectConfigurationPlatforms) = postSolution
		{15F91502-0190-4FDD-BC32-B004963B44EF}.Debug|Any CPU.ActiveCfg = Debug|Any CPU
		{15F91502-0190-4FDD-BC32-B004963B44EF}.Debug|Any CPU.Build.0 = Debug|Any CPU
		{15F91502-0190-4FDD-BC32-B004963B44EF}.Release|Any CPU.ActiveCfg = Release|Any CPU
		{15F91502-0190-4FDD-BC32-B004963B44EF}.Release|Any CPU.Build.0 = Release|Any CPU
	EndGlobalSection
	GlobalSection(SolutionProperties) = preSolution
		HideSolutionNode = FALSE
	EndGlobalSection
	GlobalSection(ExtensibilityGlobals) = postSolution
		SolutionGuid = {29B2BE3A-601A-4A23-8816-7E02818F86A8}
	EndGlobalSection
EndGlobal
